
Microsoft Visual Studio Solution File, Format Version 12.00
# Visual Studio Version 17
VisualStudioVersion = 17.1.32421.90
MinimumVisualStudioVersion = 10.0.40219.1
Project("{9A19103F-16F7-4668-BE54-9A1E7A4F7556}") = "JirumBot.Lab", "JirumBot.Test\JirumBot.Lab.csproj", "{98E3F890-61E5-46EE-AE47-5816615390F2}"
EndProject
Project("{9A19103F-16F7-4668-BE54-9A1E7A4F7556}") = "JirumBot", "JirumBot\JirumBot.csproj", "{BAAC28E2-F3FF-47CF-B1DF-C4EBC4724A0F}"
EndProject
Global
	GlobalSection(SolutionConfigurationPlatforms) = preSolution
		Debug|Any CPU = Debug|Any CPU
		Release|Any CPU = Release|Any CPU
	EndGlobalSection
	GlobalSection(ProjectConfigurationPlatforms) = postSolution
		{98E3F890-61E5-46EE-AE47-5816615390F2}.Debug|Any CPU.ActiveCfg = Debug|Any CPU
		{98E3F890-61E5-46EE-AE47-5816615390F2}.Debug|Any CPU.Build.0 = Debug|Any CPU
		{98E3F890-61E5-46EE-AE47-5816615390F2}.Release|Any CPU.ActiveCfg = Release|Any CPU
		{98E3F890-61E5-46EE-AE47-5816615390F2}.Release|Any CPU.Build.0 = Release|Any CPU
		{BAAC28E2-F3FF-47CF-B1DF-C4EBC4724A0F}.Debug|Any CPU.ActiveCfg = Debug|Any CPU
		{BAAC28E2-F3FF-47CF-B1DF-C4EBC4724A0F}.Debug|Any CPU.Build.0 = Debug|Any CPU
		{BAAC28E2-F3FF-47CF-B1DF-C4EBC4724A0F}.Release|Any CPU.ActiveCfg = Release|Any CPU
		{BAAC28E2-F3FF-47CF-B1DF-C4EBC4724A0F}.Release|Any CPU.Build.0 = Release|Any CPU
	EndGlobalSection
	GlobalSection(SolutionProperties) = preSolution
		HideSolutionNode = FALSE
	EndGlobalSection
	GlobalSection(ExtensibilityGlobals) = postSolution
		SolutionGuid = {2DD49F6C-41D3-4CFE-A2E0-51A42DB32920}
	EndGlobalSection
EndGlobal
